
Microsoft Visual Studio Solution File, Format Version 12.00
# Visual Studio Version 17
VisualStudioVersion = 17.7.34202.233
MinimumVisualStudioVersion = 10.0.40219.1
Project("{8BC9CEB8-8B4A-11D0-8D11-00A0C91BC942}") = "HookCoreAppWinUI", "HookCoreAppWinUI\HookCoreAppWinUI.vcxproj", "{33078F30-7E07-4C0B-8C0C-94001F0B4A2B}"
EndProject
Global
	GlobalSection(SolutionConfigurationPlatforms) = preSolution
		Debug|ARM64 = Debug|ARM64
		Debug|x64 = Debug|x64
		Debug|x86 = Debug|x86
		Release|ARM64 = Release|ARM64
		Release|x64 = Release|x64
		Release|x86 = Release|x86
	EndGlobalSection
	GlobalSection(ProjectConfigurationPlatforms) = postSolution
		{33078F30-7E07-4C0B-8C0C-94001F0B4A2B}.Debug|ARM64.ActiveCfg = Debug|ARM64
		{33078F30-7E07-4C0B-8C0C-94001F0B4A2B}.Debug|ARM64.Build.0 = Debug|ARM64
		{33078F30-7E07-4C0B-8C0C-94001F0B4A2B}.Debug|x64.ActiveCfg = Debug|x64
		{33078F30-7E07-4C0B-8C0C-94001F0B4A2B}.Debug|x64.Build.0 = Debug|x64
		{33078F30-7E07-4C0B-8C0C-94001F0B4A2B}.Debug|x86.ActiveCfg = Debug|Win32
		{33078F30-7E07-4C0B-8C0C-94001F0B4A2B}.Debug|x86.Build.0 = Debug|Win32
		{33078F30-7E07-4C0B-8C0C-94001F0B4A2B}.Release|ARM64.ActiveCfg = Release|ARM64
		{33078F30-7E07-4C0B-8C0C-94001F0B4A2B}.Release|ARM64.Build.0 = Release|ARM64
		{33078F30-7E07-4C0B-8C0C-94001F0B4A2B}.Release|x64.ActiveCfg = Release|x64
		{33078F30-7E07-4C0B-8C0C-94001F0B4A2B}.Release|x64.Build.0 = Release|x64
		{33078F30-7E07-4C0B-8C0C-94001F0B4A2B}.Release|x86.ActiveCfg = Release|Win32
		{33078F30-7E07-4C0B-8C0C-94001F0B4A2B}.Release|x86.Build.0 = Release|Win32
	EndGlobalSection
	GlobalSection(SolutionProperties) = preSolution
		HideSolutionNode = FALSE
	EndGlobalSection
	GlobalSection(ExtensibilityGlobals) = postSolution
		SolutionGuid = {722C0B3F-B528-4E2F-BC4C-FC4AE9F15848}
	EndGlobalSection
EndGlobal
